
Microsoft Visual Studio Solution File, Format Version 12.00
# Visual Studio Version 16
VisualStudioVersion = 16.0.29613.14
MinimumVisualStudioVersion = 10.0.40219.1
Project("{9A19103F-16F7-4668-BE54-9A1E7A4F7556}") = "SebasWW.BusinessFramework", "SebasWW.BusinessFramework\SebasWW.BusinessFramework.csproj", "{DA313995-892A-41AF-8976-7F51B3A1F55D}"
EndProject
Project("{9A19103F-16F7-4668-BE54-9A1E7A4F7556}") = "MyCompany.MyApp.EntityFramework", "Sample\MyCompany.MyApp.EntityFramework\MyCompany.MyApp.EntityFramework.csproj", "{392B00BA-6D86-45F0-8524-8944F94B1A60}"
EndProject
Project("{9A19103F-16F7-4668-BE54-9A1E7A4F7556}") = "MyCompany.MyApp.BusinessFramework", "Sample\MyCompany.MyApp.BusinessFramework\MyCompany.MyApp.BusinessFramework.csproj", "{C0E6FAD2-230A-4514-BE41-937CCA0E90E3}"
EndProject
Project("{9A19103F-16F7-4668-BE54-9A1E7A4F7556}") = "MyCompany.MyApp.WebApi", "Sample\MyCompany.MyApp.WebApi\MyCompany.MyApp.WebApi.csproj", "{AAD1CF89-6A31-4F06-8BA2-0FDBFC621FCE}"
EndProject
Project("{FAE04EC0-301F-11D3-BF4B-00C04F79EFBC}") = "SebasWW.BusinessFramework.Security", "SebasWW.BusinessFramework.Security\SebasWW.BusinessFramework.Security.csproj", "{0C4CA7BF-5164-43F0-BCFA-D185996A6E53}"
EndProject
Global
	GlobalSection(SolutionConfigurationPlatforms) = preSolution
		Debug|Any CPU = Debug|Any CPU
		Release|Any CPU = Release|Any CPU
	EndGlobalSection
	GlobalSection(ProjectConfigurationPlatforms) = postSolution
		{DA313995-892A-41AF-8976-7F51B3A1F55D}.Debug|Any CPU.ActiveCfg = Debug|Any CPU
		{DA313995-892A-41AF-8976-7F51B3A1F55D}.Debug|Any CPU.Build.0 = Debug|Any CPU
		{DA313995-892A-41AF-8976-7F51B3A1F55D}.Release|Any CPU.ActiveCfg = Release|Any CPU
		{DA313995-892A-41AF-8976-7F51B3A1F55D}.Release|Any CPU.Build.0 = Release|Any CPU
		{392B00BA-6D86-45F0-8524-8944F94B1A60}.Debug|Any CPU.ActiveCfg = Debug|Any CPU
		{392B00BA-6D86-45F0-8524-8944F94B1A60}.Debug|Any CPU.Build.0 = Debug|Any CPU
		{392B00BA-6D86-45F0-8524-8944F94B1A60}.Release|Any CPU.ActiveCfg = Release|Any CPU
		{392B00BA-6D86-45F0-8524-8944F94B1A60}.Release|Any CPU.Build.0 = Release|Any CPU
		{C0E6FAD2-230A-4514-BE41-937CCA0E90E3}.Debug|Any CPU.ActiveCfg = Debug|Any CPU
		{C0E6FAD2-230A-4514-BE41-937CCA0E90E3}.Debug|Any CPU.Build.0 = Debug|Any CPU
		{C0E6FAD2-230A-4514-BE41-937CCA0E90E3}.Release|Any CPU.ActiveCfg = Release|Any CPU
		{C0E6FAD2-230A-4514-BE41-937CCA0E90E3}.Release|Any CPU.Build.0 = Release|Any CPU
		{AAD1CF89-6A31-4F06-8BA2-0FDBFC621FCE}.Debug|Any CPU.ActiveCfg = Debug|Any CPU
		{AAD1CF89-6A31-4F06-8BA2-0FDBFC621FCE}.Debug|Any CPU.Build.0 = Debug|Any CPU
		{AAD1CF89-6A31-4F06-8BA2-0FDBFC621FCE}.Release|Any CPU.ActiveCfg = Release|Any CPU
		{AAD1CF89-6A31-4F06-8BA2-0FDBFC621FCE}.Release|Any CPU.Build.0 = Release|Any CPU
		{0C4CA7BF-5164-43F0-BCFA-D185996A6E53}.Debug|Any CPU.ActiveCfg = Debug|Any CPU
		{0C4CA7BF-5164-43F0-BCFA-D185996A6E53}.Debug|Any CPU.Build.0 = Debug|Any CPU
		{0C4CA7BF-5164-43F0-BCFA-D185996A6E53}.Release|Any CPU.ActiveCfg = Release|Any CPU
		{0C4CA7BF-5164-43F0-BCFA-D185996A6E53}.Release|Any CPU.Build.0 = Release|Any CPU
	EndGlobalSection
	GlobalSection(SolutionProperties) = preSolution
		HideSolutionNode = FALSE
	EndGlobalSection
	GlobalSection(ExtensibilityGlobals) = postSolution
		SolutionGuid = {B1874376-6501-4224-AF53-53B7D127462B}
	EndGlobalSection
EndGlobal
